github.com/andrew-d/go-termutil v0.0.0-20150726205930-009166a695a2 h1:axBiC50cNZOs7ygH5BgQp4N+aYrZ2DNpWZ1KG3VOSOM=
github.com/andrew-d/go-termutil v0.0.0-20150726205930-009166a695a2/go.mod h1:jnzFpU88PccN/tPPhCpnNU8mZphvKxYM9lLNkd8e+os=
github.com/armon/go-socks5 v0.0.0-20160902184237-e75332964ef5 h1:0CwZNZbxp69SHPdPJAN/hZIm0C4OItdklCFmMRWYpio=
github.com/armon/go-socks5 v0.0.0-20160902184237-e75332964ef5/go.mod h1:wHh0iHkYZB8zMSxRWpUBQtwG5a7fFgvEO+odwuTv2gs=
github.com/davecgh/go-spew v1.1.1/go.mod h1:J7Y8YcW2NihsgmVo/mv3lAwl/skON4iLHjSsI+c5H38=
github.com/fatedier/beego v1.7.2 h1:kVw3oKiXccInqG+Z/7l8zyRQXrsCQEfcUxgzfGK+R8g=
github.com/fatedier/beego v1.7.2/go.mod h1:wx3gB6dbIfBRcucp94PI9Bt3I0F2c/MyNEWuhzpWiwk=
github.com/fatedier/frp v0.16.1 h1:HFpkubWAqkXm9Hm4Z9UE4XpIdXs7I55hTur/UKd12oQ=
github.com/fatedier/frp v0.16.1/go.mod h1:NziSLqdyUh1UCZQttyQB5p1TYCuzfqZfUaWRliDC9Fk=
github.com/fatedier/kcp-go v0.0.0-20171023144637-cd167d2f15f4 h1:XuS6coANzf+8ASMn8i9ugOAeUO54l7qMQSmLtFFhj8A=
github.com/fatedier/kcp-go v0.0.0-20171023144637-cd167d2f15f4/go.mod h1:YpCOaxj7vvMThhIQ9AfTOPW2sfztQR5WDfs7AflSy4s=
github.com/golang/snappy v0.0.0-20170215233205-553a64147049 h1:K9KHZbXKpGydfDN0aZrsoHpLJlZsBrGMFWbgLDGnPZk=
github.com/golang/snappy v0.0.0-20170215233205-553a64147049/go.mod h1:/XxbfmMg8lxefKM7IXC3fBNl/7bRcc72aCRzEWrmP2Q=
github.com/gorilla/context v1.1.1/go.mod h1:kBGZzfjB9CEq2AlWe17Uuf7NDRt0dE0s8S51q0aT7Yg=
github.com/gorilla/mux v1.6.2 h1:Pgr17XVTNXAk3q/r4CpKzC5xBM/qW1uVLV+IhRZpIIk=
github.com/gorilla/mux v1.6.2/go.mod h1:1lud6UwP+6orDFRuTfBEV8e9/aOM/c4fVVCaMa2zaAs=
github.com/gorilla/websocket v0.0.0-20170718202341-a69d9f6de432 h1:vtP1PA6IcEyr6fLKRODvfrmEakMZD0o4GTMdb30MoYQ=
github.com/gorilla/websocket v0.0.0-20170718202341-a69d9f6de432/go.mod h1:E7qHFY5m1UJ88s3WnNqhKjPHQ0heANvMoAMk2YaljkQ=
github.com/jpillora/ansi v0.0.0-20170202005112-f496b27cd669 h1:l5rH/CnVVu+HPxjtxjM90nHrm4nov3j3RF9/62UjgLs=
github.com/jpillora/ansi v0.0.0-20170202005112-f496b27cd669/go.mod h1:kOeLNvjNBGSV3uYtFjvb72+fnZCMFJF1XDvRIjdom0g=
github.com/jpillora/backoff v0.0.0-20180909062703-3050d21c67d7 h1:K//n/AqR5HjG3qxbrBCL4vJPW0MVFSs9CPK1OOJdRME=
github.com/jpillora/backoff v0.0.0-20180909062703-3050d21c67d7/go.mod h1:2iMrUgbbvHEiQClaW2NsSzMyGHqN+rDFqY705q49KG0=
github.com/jpillora/chisel v0.0.0-20171123140225-12fec693f1ca h1:cRGWNuIG5CnvWTfV8AEHrbaPVNrl4Bld8jkd08ZTJms=
github.com/jpillora/chisel v0.0.0-20171123140225-12fec693f1ca/go.mod h1:aRsycmIyMtKzN6Z5yuqMP4OdNsZaa3axuxwR1CqeJTU=
github.com/jpillora/requestlog v0.0.0-20160929164104-86703d0d0f95 h1:XaKfnwVP8IbsxA9IUpTtGLiYytkBbgBn/LwyWv5Vsgg=
github.com/jpillora/requestlog v0.0.0-20160929164104-86703d0d0f95/go.mod h1:w8buj+yNfmLEP0ENlbG/FRnK6bVmuhqXnukYCs9sDvY=
github.com/jpillora/sizestr v0.0.0-20160130011556-e2ea2fa42fb9 h1:0c9jcgBtHRtDU//jTrcCgWG6UHjMZytiq/3WhraNgUM=
github.com/jpillora/sizestr v0.0.0-20160130011556-e2ea2fa42fb9/go.mod h1:1ffp+CRe0eAwwRb0/BownUAjMBsmTLwgAvRbfj9dRwE=
github.com/julienschmidt/httprouter v0.0.0-20180222160526-d18983907793 h1:lh5R7m4BWQIMsQ3gtOxSAUwR1XfovsyXfMQuIYrAI4c=
github.com/julienschmidt/httprouter v0.0.0-20180222160526-d18983907793/go.mod h1:SYymIcj16QtmaHHD7aYtjjsJG7VTCxuUUipMqKk8s4w=
github.com/klauspost/cpuid v0.0.0-20180405133222-e7e905edc00e h1:+lIPJOWl+jSiJOc70QXJ07+2eg2Jy2EC7Mi11BWujeM=
github.com/klauspost/cpuid v0.0.0-20180405133222-e7e905edc00e/go.mod h1:Pj4uuM528wm8OyEC2QMXAi2YiTZ96dNQPGgoMS4s3ek=
github.com/klauspost/reedsolomon v0.0.0-20171219133437-0b30fa71cc8e h1:X/9iXpaSd4EyjrlKtRQhcr/y7e+5rqZueExcIEbhGME=
github.com/klauspost/reedsolomon v0.0.0-20171219133437-0b30fa71cc8e/go.mod h1:CwCi+NUr9pqSVktrkN+Ondf06rkhYZ/pcNv7fu+8Un4=
github.com/koding/websocketproxy v0.0.0-20180207100743-14d189e9f3df h1:BLtX7u9eEegfVvRPmMwq+kEtty6FdtjvcWxHzr0VVmg=
github.com/koding/websocketproxy v0.0.0-20180207100743-14d189e9f3df/go.mod h1:Nn5wlyECw3iJrzi0AhIWg+AJUb4PlRQVW4/3XHH1LZA=
github.com/pkg/errors v0.0.0-20180311214515-816c9085562c h1:F5RoIh7F9wB47PvXvpP1+Ihq1TkyC8iRdvwfKkESEZQ=
github.com/pkg/errors v0.0.0-20180311214515-816c9085562c/go.mod h1:bwawxfHBFNV+L2hUp1rHADufV3IMtnDRdf1r5NINEl0=
github.com/pmezard/go-difflib v1.0.0/go.mod h1:iKH77koFhYxTK1pcRnkKkqfTogsbg7gZNVY4sRDYZ/4=
github.com/rakyll/statik v0.1.5 h1:Ly2UjURzxnsSYS0zI50fZ+srA+Fu7EbpV5hglvJvJG0=
github.com/rakyll/statik v0.1.5/go.mod h1:OEi9wJV/fMUAGx1eNjq75DKDsJVuEv1U0oYdX6GX8Zs=
github.com/stretchr/testify v1.2.2/go.mod h1:a8OnRcib4nhh0OaRAV+Yts87kKdq0PP7pXfy6kDkUVs=
github.com/templexxx/cpufeat v0.0.0-20170927014610-3794dfbfb047 h1:K+jtWCOuZgCra7eXZ/VWn2FbJmrA/D058mTXhh2rq+8=
github.com/templexxx/cpufeat v0.0.0-20170927014610-3794dfbfb047/go.mod h1:wM7WEvslTq+iOEAMDLSzhVuOt5BRZ05WirO+b09GHQU=
github.com/templexxx/reedsolomon v0.0.0-20170927015403-7092926d7d05 h1:XBQHunCjhIJuZ3IVhJA1BrnO6lqFGrPifDPXS5Ep6Ts=
github.com/templexxx/reedsolomon v0.0.0-20170927015403-7092926d7d05/go.mod h1:ToWcj2sZ6xHl14JjZiVDktYpFtrFZJXBlsu7TV23lNg=
github.com/templexxx/xor v0.0.0-20170926022130-0af8e873c554 h1:pexgSe+JCFuxG+uoMZLO+ce8KHtdHGhst4cs6rw3gmk=
github.com/templexxx/xor v0.0.0-20170926022130-0af8e873c554/go.mod h1:5XA7W9S6mni3h5uvOC75dA3m9CCCaS83lltmc0ukdi4=
github.com/tjfoc/gmsm v1.0.1 h1:R11HlqhXkDospckjZEihx9SW/2VW0RgdwrykyWMFOQU=
github.com/tjfoc/gmsm v1.0.1/go.mod h1:XxO4hdhhrzAd+G4CjDqaOkd0hUzmtPR/d3EiBBMn/wc=
github.com/vaughan0/go-ini v0.0.0-20130923145212-a98ad7ee00ec h1:DGmKwyZwEB8dI7tbLt/I/gQuP559o/0FrAkHKlQM/Ks=
github.com/vaughan0/go-ini v0.0.0-20130923145212-a98ad7ee00ec/go.mod h1:owBmyHYMLkxyrugmfwE/DLJyW8Ro9mkphwuVErQ0iUw=
github.com/xtaci/kcp-go v0.0.0-20180203133237-42bc1dfefff5 h1:9hz2j39pbj6YzKUiGPE+65NzKDRrBPdhv1gZGYojNmQ=
github.com/xtaci/kcp-go v0.0.0-20180203133237-42bc1dfefff5/go.mod h1:bN6vIwHQbfHaHtFpEssmWsN45a+AZwO7eyRCmEIbtvE=
github.com/xtaci/smux v1.0.7 h1:ragFTIwevybZKibSfltLxG2biJ4Y9eFQGhcBntoEhz4=
github.com/xtaci/smux v1.0.7/go.mod h1:f+nYm6SpuHMy/SH0zpbvAFHT1QoMcgLOsWcFip5KfPw=
golang.org/x/crypto v0.0.0-20170825220121-81e90905daef h1:R8ubLIilYRXIXpgjOg2l/ECVs3HzVKIjJEhxSsQ91u4=
golang.org/x/crypto v0.0.0-20170825220121-81e90905daef/go.mod h1:6SG95UA2DQfeDnfUPMdvaQW0Q7yPrPDi9nlGo2tz2b4=
golang.org/x/net v0.0.0-20180925072008-f04abc6bdfa7 h1:zKzVgSQ8WOSHzD7I4k8LQjrHUUCNOlBsgc0PcYLVNnY=
golang.org/x/net v0.0.0-20180925072008-f04abc6bdfa7/go.mod h1:mL1N/T3taQHkDXs73rZJwtUhF3w3ftmwwsq0BUmARs4=
golang.org/x/sys v0.0.0-20181005133103-4497e2df6f9e/go.mod h1:STP8DvDyc/dI5b8T5hshtkjS+E42TnysNCUPdjciGhY=
